
Microsoft Visual Studio Solution File, Format Version 12.00
# Visual Studio Version 17
VisualStudioVersion = 17.5.33530.505
MinimumVisualStudioVersion = 10.0.40219.1
Project("{FAE04EC0-301F-11D3-BF4B-00C04F79EFBC}") = "Students-Manager", "Students-Manager\Students-Manager.csproj", "{EE9C56D3-F81A-4157-91C1-A3EA50597B52}"
EndProject
Global
	GlobalSection(SolutionConfigurationPlatforms) = preSolution
		Debug|Any CPU = Debug|Any CPU
		Release|Any CPU = Release|Any CPU
	EndGlobalSection
	GlobalSection(ProjectConfigurationPlatforms) = postSolution
		{EE9C56D3-F81A-4157-91C1-A3EA50597B52}.Debug|Any CPU.ActiveCfg = Debug|Any CPU
		{EE9C56D3-F81A-4157-91C1-A3EA50597B52}.Debug|Any CPU.Build.0 = Debug|Any CPU
		{EE9C56D3-F81A-4157-91C1-A3EA50597B52}.Release|Any CPU.ActiveCfg = Release|Any CPU
		{EE9C56D3-F81A-4157-91C1-A3EA50597B52}.Release|Any CPU.Build.0 = Release|Any CPU
	EndGlobalSection
	GlobalSection(SolutionProperties) = preSolution
		HideSolutionNode = FALSE
	EndGlobalSection
	GlobalSection(ExtensibilityGlobals) = postSolution
		SolutionGuid = {95DB17AD-DFFD-41EB-8979-F0B8076AD168}
	EndGlobalSection
EndGlobal
